<?xml version="1.0" encoding="utf-8"?>
<Project ToolsVersion="4.0" xmlns="http://schemas.microsoft.com/developer/msbuild/2003">
  <ItemGroup>
    <Filter Include="Source Files">
      <UniqueIdentifier>{4FC737F1-C7A5-4376-A066-2A32D752A2FF}</UniqueIdentifier>
      <Extensions>cpp;c;cc;cxx;def;odl;idl;hpj;bat;asm;asmx</Extensions>
    </Filter>
    <Filter Include="Source Files\kernel">
      <UniqueIdentifier>{91e17ef5-ba5c-4618-bc07-5f8b07d98d87}</UniqueIdentifier>
    </Filter>
    <Filter Include="Source Files\application">
      <UniqueIdentifier>{474ddce3-57b5-4189-9d4b-bd7955a78853}</UniqueIdentifier>
    </Filter>
    <Filter Include="Source Files\io">
      <UniqueIdentifier>{412a33d7-f0eb-4a0b-8ea6-67712ced030b}</UniqueIdentifier>
    </Filter>
    <Filter Include="Source Files\external">
      <UniqueIdentifier>{a51373fb-d6ee-4831-b989-5692b25c7072}</UniqueIdentifier>
    </Filter>
    <Filter Include="Source Files\external\rapidXML">
      <UniqueIdentifier>{234d454e-87d0-4d58-a802-e287d13bb36f}</UniqueIdentifier>
    </Filter>
  </ItemGroup>
  <ItemGroup>
    <ClInclude Include="source\kernel\defines.h">
      <Filter>Source Files\kernel</Filter>
    </ClInclude>
    <ClInclude Include="source\kernel\assert.h">
      <Filter>Source Files\kernel</Filter>
    </ClInclude>
    <ClInclude Include="source\application\application.h">
      <Filter>Source Files\application</Filter>
    </ClInclude>
    <ClInclude Include="source\application\thread_pool.h">
      <Filter>Source Files\application</Filter>
    </ClInclude>
    <ClInclude Include="source\application\thread_worker.h">
      <Filter>Source Files\application</Filter>
    </ClInclude>
    <ClInclude Include="source\application\module.h">
      <Filter>Source Files\application</Filter>
    </ClInclude>
    <ClInclude Include="source\kernel\allocator.h">
      <Filter>Source Files\kernel</Filter>
    </ClInclude>
    <ClInclude Include="source\kernel\memory_pool.h">
      <Filter>Source Files\kernel</Filter>
    </ClInclude>
    <ClInclude Include="source\kernel\utility.h">
      <Filter>Source Files\kernel</Filter>
    </ClInclude>
    <ClInclude Include="source\kernel\memory_map.h">
      <Filter>Source Files\kernel</Filter>
    </ClInclude>
    <ClInclude Include="source\external\rapidXML\rapidxml.hpp">
      <Filter>Source Files\external\rapidXML</Filter>
    </ClInclude>
    <ClInclude Include="source\external\rapidXML\rapidxml_iterators.hpp">
      <Filter>Source Files\external\rapidXML</Filter>
    </ClInclude>
    <ClInclude Include="source\external\rapidXML\rapidxml_print.hpp">
      <Filter>Source Files\external\rapidXML</Filter>
    </ClInclude>
    <ClInclude Include="source\external\rapidXML\rapidxml_utils.hpp">
      <Filter>Source Files\external\rapidXML</Filter>
    </ClInclude>
  </ItemGroup>
  <ItemGroup>
    <ClCompile Include="source\kernel\assert.cpp">
      <Filter>Source Files\kernel</Filter>
    </ClCompile>
    <ClCompile Include="source\kernel\allocator.cpp">
      <Filter>Source Files\kernel</Filter>
    </ClCompile>
    <ClCompile Include="source\kernel\memory_pool.cpp">
      <Filter>Source Files\kernel</Filter>
    </ClCompile>
    <ClCompile Include="source\kernel\memory_map.cpp">
      <Filter>Source Files\kernel</Filter>
    </ClCompile>
  </ItemGroup>
</Project>